
Microsoft Visual Studio Solution File, Format Version 12.00
# Visual Studio 15
VisualStudioVersion = 15.0.27004.2005
MinimumVisualStudioVersion = 10.0.40219.1
Project("{FAE04EC0-301F-11D3-BF4B-00C04F79EFBC}") = "CarWashServiceBrowserFull.API", "CarWashServiceBrowserFull.API\CarWashServiceBrowserFull.API.csproj", "{F7F079B7-89A8-47E9-94DA-C04EEC5E38B3}"
EndProject
Project("{FAE04EC0-301F-11D3-BF4B-00C04F79EFBC}") = "CarWashServiceBrowserFull.API.Tests", "CarWashServiceBrowserFull.API.Tests\CarWashServiceBrowserFull.API.Tests.csproj", "{A64D17DA-CBC8-484A-821A-C018AF4472D2}"
EndProject
Project("{FAE04EC0-301F-11D3-BF4B-00C04F79EFBC}") = "CarWashServiceBrowserUI", "CarWashServiceBrowserUI\CarWashServiceBrowserUI.csproj", "{C3F37662-2C16-4169-AC5F-CA8F07D7055B}"
EndProject
Global
	GlobalSection(SolutionConfigurationPlatforms) = preSolution
		Debug|Any CPU = Debug|Any CPU
		Release|Any CPU = Release|Any CPU
	EndGlobalSection
	GlobalSection(ProjectConfigurationPlatforms) = postSolution
		{F7F079B7-89A8-47E9-94DA-C04EEC5E38B3}.Debug|Any CPU.ActiveCfg = Debug|Any CPU
		{F7F079B7-89A8-47E9-94DA-C04EEC5E38B3}.Debug|Any CPU.Build.0 = Debug|Any CPU
		{F7F079B7-89A8-47E9-94DA-C04EEC5E38B3}.Release|Any CPU.ActiveCfg = Release|Any CPU
		{F7F079B7-89A8-47E9-94DA-C04EEC5E38B3}.Release|Any CPU.Build.0 = Release|Any CPU
		{A64D17DA-CBC8-484A-821A-C018AF4472D2}.Debug|Any CPU.ActiveCfg = Debug|Any CPU
		{A64D17DA-CBC8-484A-821A-C018AF4472D2}.Debug|Any CPU.Build.0 = Debug|Any CPU
		{A64D17DA-CBC8-484A-821A-C018AF4472D2}.Release|Any CPU.ActiveCfg = Release|Any CPU
		{A64D17DA-CBC8-484A-821A-C018AF4472D2}.Release|Any CPU.Build.0 = Release|Any CPU
		{C3F37662-2C16-4169-AC5F-CA8F07D7055B}.Debug|Any CPU.ActiveCfg = Debug|Any CPU
		{C3F37662-2C16-4169-AC5F-CA8F07D7055B}.Debug|Any CPU.Build.0 = Debug|Any CPU
		{C3F37662-2C16-4169-AC5F-CA8F07D7055B}.Release|Any CPU.ActiveCfg = Release|Any CPU
		{C3F37662-2C16-4169-AC5F-CA8F07D7055B}.Release|Any CPU.Build.0 = Release|Any CPU
	EndGlobalSection
	GlobalSection(SolutionProperties) = preSolution
		HideSolutionNode = FALSE
	EndGlobalSection
	GlobalSection(ExtensibilityGlobals) = postSolution
		SolutionGuid = {81084BE9-C775-4D04-BC3A-DC14EF178B5D}
	EndGlobalSection
EndGlobal
